
Microsoft Visual Studio Solution File, Format Version 12.00
# Visual Studio Version 16
VisualStudioVersion = 16.0.31605.320
MinimumVisualStudioVersion = 10.0.40219.1
Project("{FAE04EC0-301F-11D3-BF4B-00C04F79EFBC}") = "TAREA", "TAREA\TAREA.csproj", "{E11AE93C-FD39-4E4D-B379-C76B848CE28B}"
EndProject
Global
	GlobalSection(SolutionConfigurationPlatforms) = preSolution
		Debug|Any CPU = Debug|Any CPU
		Release|Any CPU = Release|Any CPU
	EndGlobalSection
	GlobalSection(ProjectConfigurationPlatforms) = postSolution
		{E11AE93C-FD39-4E4D-B379-C76B848CE28B}.Debug|Any CPU.ActiveCfg = Debug|Any CPU
		{E11AE93C-FD39-4E4D-B379-C76B848CE28B}.Debug|Any CPU.Build.0 = Debug|Any CPU
		{E11AE93C-FD39-4E4D-B379-C76B848CE28B}.Release|Any CPU.ActiveCfg = Release|Any CPU
		{E11AE93C-FD39-4E4D-B379-C76B848CE28B}.Release|Any CPU.Build.0 = Release|Any CPU
	EndGlobalSection
	GlobalSection(SolutionProperties) = preSolution
		HideSolutionNode = FALSE
	EndGlobalSection
	GlobalSection(ExtensibilityGlobals) = postSolution
		SolutionGuid = {82CC4CEF-7570-4E6D-9D2A-38AA61F88BCE}
	EndGlobalSection
EndGlobal
